// !$*UTF8*$!
{
	archiveVersion = 1;
	classes = {
	};
	objectVersion = 77;
	objects = {

/* Begin PBXContainerItemProxy section */
		6A6B973B2EBCCFFC00CE78BC /* PBXContainerItemProxy */ = {
			isa = PBXContainerItemProxy;
			containerPortal = 6A078EE12E745FB100DA1530 /* Project object */;
			proxyType = 1;
			remoteGlobalIDString = 6A078EE82E745FB100DA1530;
			remoteInfo = TiMeFront;
		};
		6A6B97482EBCD08C00CE78BC /* PBXContainerItemProxy */ = {
			isa = PBXContainerItemProxy;
			containerPortal = 6A078EE12E745FB100DA1530 /* Project object */;
			proxyType = 1;
			remoteGlobalIDString = 6A078EE82E745FB100DA1530;
			remoteInfo = TiMeFront;
		};
		6A6B97672EBCD32600CE78BC /* PBXContainerItemProxy */ = {
			isa = PBXContainerItemProxy;
			containerPortal = 6A078EE12E745FB100DA1530 /* Project object */;
			proxyType = 1;
			remoteGlobalIDString = 6A078EE82E745FB100DA1530;
			remoteInfo = TiMeFront;
		};
/* End PBXContainerItemProxy section */

/* Begin PBXFileReference section */
		6A078EE92E745FB100DA1530 /* TiMeFront.app */ = {isa = PBXFileReference; explicitFileType = wrapper.application; includeInIndex = 0; path = TiMeFront.app; sourceTree = BUILT_PRODUCTS_DIR; };
		6A6B97372EBCCFFC00CE78BC /* DateFormatterTest.xctest */ = {isa = PBXFileReference; explicitFileType = wrapper.cfbundle; includeInIndex = 0; path = DateFormatterTest.xctest; sourceTree = BUILT_PRODUCTS_DIR; };
		6A6B97442EBCD08C00CE78BC /* TiMeAppTest.xctest */ = {isa = PBXFileReference; explicitFileType = wrapper.cfbundle; includeInIndex = 0; path = TiMeAppTest.xctest; sourceTree = BUILT_PRODUCTS_DIR; };
		6A6B97632EBCD32600CE78BC /* TiMeTest.xctest */ = {isa = PBXFileReference; explicitFileType = wrapper.cfbundle; includeInIndex = 0; path = TiMeTest.xctest; sourceTree = BUILT_PRODUCTS_DIR; };
/* End PBXFileReference section */

/* Begin PBXFileSystemSynchronizedBuildFileExceptionSet section */
		6A2C8E922EB900EA00A1C32E /* Exceptions for "TiMeFront" folder in "TiMeFront" target */ = {
			isa = PBXFileSystemSynchronizedBuildFileExceptionSet;
			membershipExceptions = (
				Info.plist,
				Shared/Fonts/Info.plist,
				"Shared/Fonts/SF-Pro.ttf",
			);
			target = 6A078EE82E745FB100DA1530 /* TiMeFront */;
		};
/* End PBXFileSystemSynchronizedBuildFileExceptionSet section */

/* Begin PBXFileSystemSynchronizedRootGroup section */
		6A078EEB2E745FB100DA1530 /* TiMeFront */ = {
			isa = PBXFileSystemSynchronizedRootGroup;
			exceptions = (
				6A2C8E922EB900EA00A1C32E /* Exceptions for "TiMeFront" folder in "TiMeFront" target */,
			);
			path = TiMeFront;
			sourceTree = "<group>";
		};
		6A6B97642EBCD32600CE78BC /* TiMeTest */ = {
			isa = PBXFileSystemSynchronizedRootGroup;
			path = TiMeTest;
			sourceTree = "<group>";
		};
/* End PBXFileSystemSynchronizedRootGroup section */

/* Begin PBXFrameworksBuildPhase section */
		6A078EE62E745FB100DA1530 /* Frameworks */ = {
			isa = PBXFrameworksBuildPhase;
			buildActionMask = 2147483647;
			files = (
			);
			runOnlyForDeploymentPostprocessing = 0;
		};
		6A6B97342EBCCFFC00CE78BC /* Frameworks */ = {
			isa = PBXFrameworksBuildPhase;
			buildActionMask = 2147483647;
			files = (
			);
			runOnlyForDeploymentPostprocessing = 0;
		};
		6A6B97412EBCD08C00CE78BC /* Frameworks */ = {
			isa = PBXFrameworksBuildPhase;
			buildActionMask = 2147483647;
			files = (
			);
			runOnlyForDeploymentPostprocessing = 0;
		};
		6A6B97602EBCD32600CE78BC /* Frameworks */ = {
			isa = PBXFrameworksBuildPhase;
			buildActionMask = 2147483647;
			files = (
			);
			runOnlyForDeploymentPostprocessing = 0;
		};
/* End PBXFrameworksBuildPhase section */

/* Begin PBXGroup section */
		6A078EE02E745FB100DA1530 = {
			isa = PBXGroup;
			children = (
				6A078EEB2E745FB100DA1530 /* TiMeFront */,
				6A6B97642EBCD32600CE78BC /* TiMeTest */,
				6A078EEA2E745FB100DA1530 /* Products */,
			);
			sourceTree = "<group>";
		};
		6A078EEA2E745FB100DA1530 /* Products */ = {
			isa = PBXGroup;
			children = (
				6A078EE92E745FB100DA1530 /* TiMeFront.app */,
				6A6B97372EBCCFFC00CE78BC /* DateFormatterTest.xctest */,
				6A6B97442EBCD08C00CE78BC /* TiMeAppTest.xctest */,
				6A6B97632EBCD32600CE78BC /* TiMeTest.xctest */,
			);
			name = Products;
			sourceTree = "<group>";
		};
/* End PBXGroup section */

/* Begin PBXNativeTarget section */
		6A078EE82E745FB100DA1530 /* TiMeFront */ = {
			isa = PBXNativeTarget;
			buildConfigurationList = 6A078EF42E745FB300DA1530 /* Build configuration list for PBXNativeTarget "TiMeFront" */;
			buildPhases = (
				6A078EE52E745FB100DA1530 /* Sources */,
				6A078EE62E745FB100DA1530 /* Frameworks */,
				6A078EE72E745FB100DA1530 /* Resources */,
			);
			buildRules = (
			);
			dependencies = (
			);
			fileSystemSynchronizedGroups = (
				6A078EEB2E745FB100DA1530 /* TiMeFront */,
			);
			name = TiMeFront;
			packageProductDependencies = (
			);
			productName = AppDevPersoFront;
			productReference = 6A078EE92E745FB100DA1530 /* TiMeFront.app */;
			productType = "com.apple.product-type.application";
		};
		6A6B97362EBCCFFC00CE78BC /* DateFormatterTest */ = {
			isa = PBXNativeTarget;
			buildConfigurationList = 6A6B973D2EBCCFFC00CE78BC /* Build configuration list for PBXNativeTarget "DateFormatterTest" */;
			buildPhases = (
				6A6B97332EBCCFFC00CE78BC /* Sources */,
				6A6B97342EBCCFFC00CE78BC /* Frameworks */,
				6A6B97352EBCCFFC00CE78BC /* Resources */,
			);
			buildRules = (
			);
			dependencies = (
				6A6B973C2EBCCFFC00CE78BC /* PBXTargetDependency */,
			);
			name = DateFormatterTest;
			packageProductDependencies = (
			);
			productName = DateFormatterTest;
			productReference = 6A6B97372EBCCFFC00CE78BC /* DateFormatterTest.xctest */;
			productType = "com.apple.product-type.bundle.unit-test";
		};
		6A6B97432EBCD08C00CE78BC /* TiMeAppTest */ = {
			isa = PBXNativeTarget;
			buildConfigurationList = 6A6B974A2EBCD08C00CE78BC /* Build configuration list for PBXNativeTarget "TiMeAppTest" */;
			buildPhases = (
				6A6B97402EBCD08C00CE78BC /* Sources */,
				6A6B97412EBCD08C00CE78BC /* Frameworks */,
				6A6B97422EBCD08C00CE78BC /* Resources */,
			);
			buildRules = (
			);
			dependencies = (
				6A6B97492EBCD08C00CE78BC /* PBXTargetDependency */,
			);
			name = TiMeAppTest;
			packageProductDependencies = (
			);
			productName = TiMeAppTest;
			productReference = 6A6B97442EBCD08C00CE78BC /* TiMeAppTest.xctest */;
			productType = "com.apple.product-type.bundle.unit-test";
		};
		6A6B97622EBCD32600CE78BC /* TiMeTest */ = {
			isa = PBXNativeTarget;
			buildConfigurationList = 6A6B97692EBCD32600CE78BC /* Build configuration list for PBXNativeTarget "TiMeTest" */;
			buildPhases = (
				6A6B975F2EBCD32600CE78BC /* Sources */,
				6A6B97602EBCD32600CE78BC /* Frameworks */,
				6A6B97612EBCD32600CE78BC /* Resources */,
			);
			buildRules = (
			);
			dependencies = (
				6A6B97682EBCD32600CE78BC /* PBXTargetDependency */,
			);
			fileSystemSynchronizedGroups = (
				6A6B97642EBCD32600CE78BC /* TiMeTest */,
			);
			name = TiMeTest;
			packageProductDependencies = (
			);
			productName = TiMeTest;
			productReference = 6A6B97632EBCD32600CE78BC /* TiMeTest.xctest */;
			productType = "com.apple.product-type.bundle.unit-test";
		};
/* End PBXNativeTarget section */

/* Begin PBXProject section */
		6A078EE12E745FB100DA1530 /* Project object */ = {
			isa = PBXProject;
			attributes = {
				BuildIndependentTargetsInParallel = 1;
				LastSwiftUpdateCheck = 2600;
				LastUpgradeCheck = 2600;
				TargetAttributes = {
					6A078EE82E745FB100DA1530 = {
						CreatedOnToolsVersion = 16.3;
					};
					6A6B97362EBCCFFC00CE78BC = {
						CreatedOnToolsVersion = 26.0.1;
						TestTargetID = 6A078EE82E745FB100DA1530;
					};
					6A6B97432EBCD08C00CE78BC = {
						CreatedOnToolsVersion = 26.0.1;
						TestTargetID = 6A078EE82E745FB100DA1530;
					};
					6A6B97622EBCD32600CE78BC = {
						CreatedOnToolsVersion = 26.0.1;
						TestTargetID = 6A078EE82E745FB100DA1530;
					};
				};
			};
			buildConfigurationList = 6A078EE42E745FB100DA1530 /* Build configuration list for PBXProject "TiMeFront" */;
			developmentRegion = en;
			hasScannedForEncodings = 0;
			knownRegions = (
				en,
				Base,
			);
			mainGroup = 6A078EE02E745FB100DA1530;
			minimizedProjectReferenceProxies = 1;
			preferredProjectObjectVersion = 77;
			productRefGroup = 6A078EEA2E745FB100DA1530 /* Products */;
			projectDirPath = "";
			projectRoot = "";
			targets = (
				6A078EE82E745FB100DA1530 /* TiMeFront */,
				6A6B97362EBCCFFC00CE78BC /* DateFormatterTest */,
				6A6B97432EBCD08C00CE78BC /* TiMeAppTest */,
				6A6B97622EBCD32600CE78BC /* TiMeTest */,
			);
		};
/* End PBXProject section */

/* Begin PBXResourcesBuildPhase section */
		6A078EE72E745FB100DA1530 /* Resources */ = {
			isa = PBXResourcesBuildPhase;
			buildActionMask = 2147483647;
			files = (
			);
			runOnlyForDeploymentPostprocessing = 0;
		};
		6A6B97352EBCCFFC00CE78BC /* Resources */ = {
			isa = PBXResourcesBuildPhase;
			buildActionMask = 2147483647;
			files = (
			);
			runOnlyForDeploymentPostprocessing = 0;
		};
		6A6B97422EBCD08C00CE78BC /* Resources */ = {
			isa = PBXResourcesBuildPhase;
			buildActionMask = 2147483647;
			files = (
			);
			runOnlyForDeploymentPostprocessing = 0;
		};
		6A6B97612EBCD32600CE78BC /* Resources */ = {
			isa = PBXResourcesBuildPhase;
			buildActionMask = 2147483647;
			files = (
			);
			runOnlyForDeploymentPostprocessing = 0;
		};
/* End PBXResourcesBuildPhase section */

/* Begin PBXSourcesBuildPhase section */
		6A078EE52E745FB100DA1530 /* Sources */ = {
			isa = PBXSourcesBuildPhase;
			buildActionMask = 2147483647;
			files = (
			);
			runOnlyForDeploymentPostprocessing = 0;
		};
		6A6B97332EBCCFFC00CE78BC /* Sources */ = {
			isa = PBXSourcesBuildPhase;
			buildActionMask = 2147483647;
			files = (
			);
			runOnlyForDeploymentPostprocessing = 0;
		};
		6A6B97402EBCD08C00CE78BC /* Sources */ = {
			isa = PBXSourcesBuildPhase;
			buildActionMask = 2147483647;
			files = (
			);
			runOnlyForDeploymentPostprocessing = 0;
		};
		6A6B975F2EBCD32600CE78BC /* Sources */ = {
			isa = PBXSourcesBuildPhase;
			buildActionMask = 2147483647;
			files = (
			);
			runOnlyForDeploymentPostprocessing = 0;
		};
/* End PBXSourcesBuildPhase section */

/* Begin PBXTargetDependency section */
		6A6B973C2EBCCFFC00CE78BC /* PBXTargetDependency */ = {
			isa = PBXTargetDependency;
			target = 6A078EE82E745FB100DA1530 /* TiMeFront */;
			targetProxy = 6A6B973B2EBCCFFC00CE78BC /* PBXContainerItemProxy */;
		};
		6A6B97492EBCD08C00CE78BC /* PBXTargetDependency */ = {
			isa = PBXTargetDependency;
			target = 6A078EE82E745FB100DA1530 /* TiMeFront */;
			targetProxy = 6A6B97482EBCD08C00CE78BC /* PBXContainerItemProxy */;
		};
		6A6B97682EBCD32600CE78BC /* PBXTargetDependency */ = {
			isa = PBXTargetDependency;
			target = 6A078EE82E745FB100DA1530 /* TiMeFront */;
			targetProxy = 6A6B97672EBCD32600CE78BC /* PBXContainerItemProxy */;
		};
/* End PBXTargetDependency section */

/* Begin XCBuildConfiguration section */
		6A078EF22E745FB300DA1530 /* Debug */ = {
			isa = XCBuildConfiguration;
			buildSettings = {
				ALWAYS_SEARCH_USER_PATHS = NO;
				ASSETCATALOG_COMPILER_GENERATE_SWIFT_ASSET_SYMBOL_EXTENSIONS = YES;
				CLANG_ANALYZER_NONNULL = YES;
				CLANG_ANALYZER_NUMBER_OBJECT_CONVERSION = YES_AGGRESSIVE;
				CLANG_CXX_LANGUAGE_STANDARD = "gnu++20";
				CLANG_ENABLE_MODULES = YES;
				CLANG_ENABLE_OBJC_ARC = YES;
				CLANG_ENABLE_OBJC_WEAK = YES;
				CLANG_WARN_BLOCK_CAPTURE_AUTORELEASING = YES;
				CLANG_WARN_BOOL_CONVERSION = YES;
				CLANG_WARN_COMMA = YES;
				CLANG_WARN_CONSTANT_CONVERSION = YES;
				CLANG_WARN_DEPRECATED_OBJC_IMPLEMENTATIONS = YES;
				CLANG_WARN_DIRECT_OBJC_ISA_USAGE = YES_ERROR;
				CLANG_WARN_DOCUMENTATION_COMMENTS = YES;
				CLANG_WARN_EMPTY_BODY = YES;
				CLANG_WARN_ENUM_CONVERSION = YES;
				CLANG_WARN_INFINITE_RECURSION = YES;
				CLANG_WARN_INT_CONVERSION = YES;
				CLANG_WARN_NON_LITERAL_NULL_CONVERSION = YES;
				CLANG_WARN_OBJC_IMPLICIT_RETAIN_SELF = YES;
				CLANG_WARN_OBJC_LITERAL_CONVERSION = YES;
				CLANG_WARN_OBJC_ROOT_CLASS = YES_ERROR;
				CLANG_WARN_QUOTED_INCLUDE_IN_FRAMEWORK_HEADER = YES;
				CLANG_WARN_RANGE_LOOP_ANALYSIS = YES;
				CLANG_WARN_STRICT_PROTOTYPES = YES;
				CLANG_WARN_SUSPICIOUS_MOVE = YES;
				CLANG_WARN_UNGUARDED_AVAILABILITY = YES_AGGRESSIVE;
				CLANG_WARN_UNREACHABLE_CODE = YES;
				CLANG_WARN__DUPLICATE_METHOD_MATCH = YES;
				COPY_PHASE_STRIP = NO;
				DEBUG_INFORMATION_FORMAT = dwarf;
				DEVELOPMENT_TEAM = 4NDGZX5784;
				ENABLE_STRICT_OBJC_MSGSEND = YES;
				ENABLE_TESTABILITY = YES;
				ENABLE_USER_SCRIPT_SANDBOXING = YES;
				GCC_C_LANGUAGE_STANDARD = gnu17;
				GCC_DYNAMIC_NO_PIC = NO;
				GCC_NO_COMMON_BLOCKS = YES;
				GCC_OPTIMIZATION_LEVEL = 0;
				GCC_PREPROCESSOR_DEFINITIONS = (
					"DEBUG=1",
					"$(inherited)",
				);
				GCC_WARN_64_TO_32_BIT_CONVERSION = YES;
				GCC_WARN_ABOUT_RETURN_TYPE = YES_ERROR;
				GCC_WARN_UNDECLARED_SELECTOR = YES;
				GCC_WARN_UNINITIALIZED_AUTOS = YES_AGGRESSIVE;
				GCC_WARN_UNUSED_FUNCTION = YES;
				GCC_WARN_UNUSED_VARIABLE = YES;
				IPHONEOS_DEPLOYMENT_TARGET = 18.4;
				LOCALIZATION_PREFERS_STRING_CATALOGS = YES;
				MTL_ENABLE_DEBUG_INFO = INCLUDE_SOURCE;
				MTL_FAST_MATH = YES;
				ONLY_ACTIVE_ARCH = YES;
				SDKROOT = iphoneos;
				STRING_CATALOG_GENERATE_SYMBOLS = YES;
				SWIFT_ACTIVE_COMPILATION_CONDITIONS = "DEBUG $(inherited)";
				SWIFT_OPTIMIZATION_LEVEL = "-Onone";
			};
			name = Debug;
		};
		6A078EF32E745FB300DA1530 /* Release */ = {
			isa = XCBuildConfiguration;
			buildSettings = {
				ALWAYS_SEARCH_USER_PATHS = NO;
				ASSETCATALOG_COMPILER_GENERATE_SWIFT_ASSET_SYMBOL_EXTENSIONS = YES;
				CLANG_ANALYZER_NONNULL = YES;
				CLANG_ANALYZER_NUMBER_OBJECT_CONVERSION = YES_AGGRESSIVE;
				CLANG_CXX_LANGUAGE_STANDARD = "gnu++20";
				CLANG_ENABLE_MODULES = YES;
				CLANG_ENABLE_OBJC_ARC = YES;
				CLANG_ENABLE_OBJC_WEAK = YES;
				CLANG_WARN_BLOCK_CAPTURE_AUTORELEASING = YES;
				CLANG_WARN_BOOL_CONVERSION = YES;
				CLANG_WARN_COMMA = YES;
				CLANG_WARN_CONSTANT_CONVERSION = YES;
				CLANG_WARN_DEPRECATED_OBJC_IMPLEMENTATIONS = YES;
				CLANG_WARN_DIRECT_OBJC_ISA_USAGE = YES_ERROR;
				CLANG_WARN_DOCUMENTATION_COMMENTS = YES;
				CLANG_WARN_EMPTY_BODY = YES;
				CLANG_WARN_ENUM_CONVERSION = YES;
				CLANG_WARN_INFINITE_RECURSION = YES;
				CLANG_WARN_INT_CONVERSION = YES;
				CLANG_WARN_NON_LITERAL_NULL_CONVERSION = YES;
				CLANG_WARN_OBJC_IMPLICIT_RETAIN_SELF = YES;
				CLANG_WARN_OBJC_LITERAL_CONVERSION = YES;
				CLANG_WARN_OBJC_ROOT_CLASS = YES_ERROR;
				CLANG_WARN_QUOTED_INCLUDE_IN_FRAMEWORK_HEADER = YES;
				CLANG_WARN_RANGE_LOOP_ANALYSIS = YES;
				CLANG_WARN_STRICT_PROTOTYPES = YES;
				CLANG_WARN_SUSPICIOUS_MOVE = YES;
				CLANG_WARN_UNGUARDED_AVAILABILITY = YES_AGGRESSIVE;
				CLANG_WARN_UNREACHABLE_CODE = YES;
				CLANG_WARN__DUPLICATE_METHOD_MATCH = YES;
				COPY_PHASE_STRIP = NO;
				DEBUG_INFORMATION_FORMAT = "dwarf-with-dsym";
				DEVELOPMENT_TEAM = 4NDGZX5784;
				ENABLE_NS_ASSERTIONS = NO;
				ENABLE_STRICT_OBJC_MSGSEND = YES;
				ENABLE_USER_SCRIPT_SANDBOXING = YES;
				GCC_C_LANGUAGE_STANDARD = gnu17;
				GCC_NO_COMMON_BLOCKS = YES;
				GCC_WARN_64_TO_32_BIT_CONVERSION = YES;
				GCC_WARN_ABOUT_RETURN_TYPE = YES_ERROR;
				GCC_WARN_UNDECLARED_SELECTOR = YES;
				GCC_WARN_UNINITIALIZED_AUTOS = YES_AGGRESSIVE;
				GCC_WARN_UNUSED_FUNCTION = YES;
				GCC_WARN_UNUSED_VARIABLE = YES;
				IPHONEOS_DEPLOYMENT_TARGET = 18.4;
				LOCALIZATION_PREFERS_STRING_CATALOGS = YES;
				MTL_ENABLE_DEBUG_INFO = NO;
				MTL_FAST_MATH = YES;
				SDKROOT = iphoneos;
				STRING_CATALOG_GENERATE_SYMBOLS = YES;
				SWIFT_COMPILATION_MODE = wholemodule;
				VALIDATE_PRODUCT = YES;
			};
			name = Release;
		};
		6A078EF52E745FB300DA1530 /* Debug */ = {
			isa = XCBuildConfiguration;
			buildSettings = {
				ASSETCATALOG_COMPILER_APPICON_NAME = AppIcon;
				ASSETCATALOG_COMPILER_GLOBAL_ACCENT_COLOR_NAME = AccentColor;
				CODE_SIGN_STYLE = Automatic;
				CURRENT_PROJECT_VERSION = 1;
				DEVELOPMENT_TEAM = XB9Z56F34J;
				ENABLE_PREVIEWS = YES;
				GENERATE_INFOPLIST_FILE = YES;
				INFOPLIST_KEY_UIApplicationSceneManifest_Generation = YES;
				INFOPLIST_KEY_UIApplicationSupportsIndirectInputEvents = YES;
				INFOPLIST_KEY_UILaunchScreen_Generation = YES;
				INFOPLIST_KEY_UISupportedInterfaceOrientations_iPad = "UIInterfaceOrientationPortrait UIInterfaceOrientationPortraitUpsideDown UIInterfaceOrientationLandscapeLeft UIInterfaceOrientationLandscapeRight";
				INFOPLIST_KEY_UISupportedInterfaceOrientations_iPhone = "UIInterfaceOrientationPortrait UIInterfaceOrientationLandscapeLeft UIInterfaceOrientationLandscapeRight";
				LD_RUNPATH_SEARCH_PATHS = (
					"$(inherited)",
					"@executable_path/Frameworks",
				);
				MARKETING_VERSION = 1.0;
				PRODUCT_BUNDLE_IDENTIFIER = carlapaul.AppDevPersoFront;
				PRODUCT_NAME = "$(TARGET_NAME)";
				SWIFT_EMIT_LOC_STRINGS = YES;
				SWIFT_VERSION = 5.0;
				TARGETED_DEVICE_FAMILY = "1,2";
			};
			name = Debug;
		};
		6A078EF62E745FB300DA1530 /* Release */ = {
			isa = XCBuildConfiguration;
			buildSettings = {
				ASSETCATALOG_COMPILER_APPICON_NAME = AppIcon;
				ASSETCATALOG_COMPILER_GLOBAL_ACCENT_COLOR_NAME = AccentColor;
				CODE_SIGN_STYLE = Automatic;
				CURRENT_PROJECT_VERSION = 1;
				DEVELOPMENT_TEAM = XB9Z56F34J;
				ENABLE_PREVIEWS = YES;
				GENERATE_INFOPLIST_FILE = YES;
				INFOPLIST_KEY_UIApplicationSceneManifest_Generation = YES;
				INFOPLIST_KEY_UIApplicationSupportsIndirectInputEvents = YES;
				INFOPLIST_KEY_UILaunchScreen_Generation = YES;
				INFOPLIST_KEY_UISupportedInterfaceOrientations_iPad = "UIInterfaceOrientationPortrait UIInterfaceOrientationPortraitUpsideDown UIInterfaceOrientationLandscapeLeft UIInterfaceOrientationLandscapeRight";
				INFOPLIST_KEY_UISupportedInterfaceOrientations_iPhone = "UIInterfaceOrientationPortrait UIInterfaceOrientationLandscapeLeft UIInterfaceOrientationLandscapeRight";
				LD_RUNPATH_SEARCH_PATHS = (
					"$(inherited)",
					"@executable_path/Frameworks",
				);
				MARKETING_VERSION = 1.0;
				PRODUCT_BUNDLE_IDENTIFIER = carlapaul.AppDevPersoFront;
				PRODUCT_NAME = "$(TARGET_NAME)";
				SWIFT_EMIT_LOC_STRINGS = YES;
				SWIFT_VERSION = 5.0;
				TARGETED_DEVICE_FAMILY = "1,2";
			};
			name = Release;
		};
		6A6B973E2EBCCFFC00CE78BC /* Debug */ = {
			isa = XCBuildConfiguration;
			buildSettings = {
				BUNDLE_LOADER = "$(TEST_HOST)";
				CODE_SIGN_STYLE = Automatic;
				CURRENT_PROJECT_VERSION = 1;
				DEVELOPMENT_TEAM = 4NDGZX5784;
				GENERATE_INFOPLIST_FILE = YES;
				IPHONEOS_DEPLOYMENT_TARGET = 26.0;
				MARKETING_VERSION = 1.0;
				PRODUCT_BUNDLE_IDENTIFIER = carlapaul.DateFormatterTest;
				PRODUCT_NAME = "$(TARGET_NAME)";
				STRING_CATALOG_GENERATE_SYMBOLS = NO;
				SWIFT_APPROACHABLE_CONCURRENCY = YES;
				SWIFT_EMIT_LOC_STRINGS = NO;
				SWIFT_UPCOMING_FEATURE_MEMBER_IMPORT_VISIBILITY = YES;
				SWIFT_VERSION = 5.0;
				TARGETED_DEVICE_FAMILY = "1,2";
				TEST_HOST = "$(BUILT_PRODUCTS_DIR)/TiMeFront.app/$(BUNDLE_EXECUTABLE_FOLDER_PATH)/TiMeFront";
			};
			name = Debug;
		};
		6A6B973F2EBCCFFC00CE78BC /* Release */ = {
			isa = XCBuildConfiguration;
			buildSettings = {
				BUNDLE_LOADER = "$(TEST_HOST)";
				CODE_SIGN_STYLE = Automatic;
				CURRENT_PROJECT_VERSION = 1;
				DEVELOPMENT_TEAM = 4NDGZX5784;
				GENERATE_INFOPLIST_FILE = YES;
				IPHONEOS_DEPLOYMENT_TARGET = 26.0;
				MARKETING_VERSION = 1.0;
				PRODUCT_BUNDLE_IDENTIFIER = carlapaul.DateFormatterTest;
				PRODUCT_NAME = "$(TARGET_NAME)";
				STRING_CATALOG_GENERATE_SYMBOLS = NO;
				SWIFT_APPROACHABLE_CONCURRENCY = YES;
				SWIFT_EMIT_LOC_STRINGS = NO;
				SWIFT_UPCOMING_FEATURE_MEMBER_IMPORT_VISIBILITY = YES;
				SWIFT_VERSION = 5.0;
				TARGETED_DEVICE_FAMILY = "1,2";
				TEST_HOST = "$(BUILT_PRODUCTS_DIR)/TiMeFront.app/$(BUNDLE_EXECUTABLE_FOLDER_PATH)/TiMeFront";
			};
			name = Release;
		};
		6A6B974B2EBCD08C00CE78BC /* Debug */ = {
			isa = XCBuildConfiguration;
			buildSettings = {
				BUNDLE_LOADER = "$(TEST_HOST)";
				CODE_SIGN_STYLE = Automatic;
				CURRENT_PROJECT_VERSION = 1;
				DEVELOPMENT_TEAM = 4NDGZX5784;
				GENERATE_INFOPLIST_FILE = YES;
				IPHONEOS_DEPLOYMENT_TARGET = 26.0;
				MARKETING_VERSION = 1.0;
				PRODUCT_BUNDLE_IDENTIFIER = devPerso.TiMeAppTest;
				PRODUCT_NAME = "$(TARGET_NAME)";
				STRING_CATALOG_GENERATE_SYMBOLS = NO;
				SWIFT_APPROACHABLE_CONCURRENCY = YES;
				SWIFT_EMIT_LOC_STRINGS = NO;
				SWIFT_UPCOMING_FEATURE_MEMBER_IMPORT_VISIBILITY = YES;
				SWIFT_VERSION = 5.0;
				TARGETED_DEVICE_FAMILY = "1,2";
				TEST_HOST = "$(BUILT_PRODUCTS_DIR)/TiMeFront.app/$(BUNDLE_EXECUTABLE_FOLDER_PATH)/TiMeFront";
			};
			name = Debug;
		};
		6A6B974C2EBCD08C00CE78BC /* Release */ = {
			isa = XCBuildConfiguration;
			buildSettings = {
				BUNDLE_LOADER = "$(TEST_HOST)";
				CODE_SIGN_STYLE = Automatic;
				CURRENT_PROJECT_VERSION = 1;
				DEVELOPMENT_TEAM = 4NDGZX5784;
				GENERATE_INFOPLIST_FILE = YES;
				IPHONEOS_DEPLOYMENT_TARGET = 26.0;
				MARKETING_VERSION = 1.0;
				PRODUCT_BUNDLE_IDENTIFIER = devPerso.TiMeAppTest;
				PRODUCT_NAME = "$(TARGET_NAME)";
				STRING_CATALOG_GENERATE_SYMBOLS = NO;
				SWIFT_APPROACHABLE_CONCURRENCY = YES;
				SWIFT_EMIT_LOC_STRINGS = NO;
				SWIFT_UPCOMING_FEATURE_MEMBER_IMPORT_VISIBILITY = YES;
				SWIFT_VERSION = 5.0;
				TARGETED_DEVICE_FAMILY = "1,2";
				TEST_HOST = "$(BUILT_PRODUCTS_DIR)/TiMeFront.app/$(BUNDLE_EXECUTABLE_FOLDER_PATH)/TiMeFront";
			};
			name = Release;
		};
		6A6B976A2EBCD32600CE78BC /* Debug */ = {
			isa = XCBuildConfiguration;
			buildSettings = {
				BUNDLE_LOADER = "$(TEST_HOST)";
				CODE_SIGN_STYLE = Automatic;
				CURRENT_PROJECT_VERSION = 1;
				DEVELOPMENT_TEAM = 4NDGZX5784;
				GENERATE_INFOPLIST_FILE = YES;
				IPHONEOS_DEPLOYMENT_TARGET = 26.0;
				MARKETING_VERSION = 1.0;
				PRODUCT_BUNDLE_IDENTIFIER = devPerso.TiMeTest;
				PRODUCT_NAME = "$(TARGET_NAME)";
				STRING_CATALOG_GENERATE_SYMBOLS = NO;
				SWIFT_APPROACHABLE_CONCURRENCY = YES;
				SWIFT_EMIT_LOC_STRINGS = NO;
				SWIFT_UPCOMING_FEATURE_MEMBER_IMPORT_VISIBILITY = YES;
				SWIFT_VERSION = 5.0;
				TARGETED_DEVICE_FAMILY = "1,2";
				TEST_HOST = "$(BUILT_PRODUCTS_DIR)/TiMeFront.app/$(BUNDLE_EXECUTABLE_FOLDER_PATH)/TiMeFront";
			};
			name = Debug;
		};
		6A6B976B2EBCD32600CE78BC /* Release */ = {
			isa = XCBuildConfiguration;
			buildSettings = {
				BUNDLE_LOADER = "$(TEST_HOST)";
				CODE_SIGN_STYLE = Automatic;
				CURRENT_PROJECT_VERSION = 1;
				DEVELOPMENT_TEAM = 4NDGZX5784;
				GENERATE_INFOPLIST_FILE = YES;
				IPHONEOS_DEPLOYMENT_TARGET = 26.0;
				MARKETING_VERSION = 1.0;
				PRODUCT_BUNDLE_IDENTIFIER = devPerso.TiMeTest;
				PRODUCT_NAME = "$(TARGET_NAME)";
				STRING_CATALOG_GENERATE_SYMBOLS = NO;
				SWIFT_APPROACHABLE_CONCURRENCY = YES;
				SWIFT_EMIT_LOC_STRINGS = NO;
				SWIFT_UPCOMING_FEATURE_MEMBER_IMPORT_VISIBILITY = YES;
				SWIFT_VERSION = 5.0;
				TARGETED_DEVICE_FAMILY = "1,2";
				TEST_HOST = "$(BUILT_PRODUCTS_DIR)/TiMeFront.app/$(BUNDLE_EXECUTABLE_FOLDER_PATH)/TiMeFront";
			};
			name = Release;
		};
/* End XCBuildConfiguration section */

/* Begin XCConfigurationList section */
		6A078EE42E745FB100DA1530 /* Build configuration list for PBXProject "TiMeFront" */ = {
			isa = XCConfigurationList;
			buildConfigurations = (
				6A078EF22E745FB300DA1530 /* Debug */,
				6A078EF32E745FB300DA1530 /* Release */,
			);
			defaultConfigurationIsVisible = 0;
			defaultConfigurationName = Release;
		};
		6A078EF42E745FB300DA1530 /* Build configuration list for PBXNativeTarget "TiMeFront" */ = {
			isa = XCConfigurationList;
			buildConfigurations = (
				6A078EF52E745FB300DA1530 /* Debug */,
				6A078EF62E745FB300DA1530 /* Release */,
			);
			defaultConfigurationIsVisible = 0;
			defaultConfigurationName = Release;
		};
		6A6B973D2EBCCFFC00CE78BC /* Build configuration list for PBXNativeTarget "DateFormatterTest" */ = {
			isa = XCConfigurationList;
			buildConfigurations = (
				6A6B973E2EBCCFFC00CE78BC /* Debug */,
				6A6B973F2EBCCFFC00CE78BC /* Release */,
			);
			defaultConfigurationIsVisible = 0;
			defaultConfigurationName = Release;
		};
		6A6B974A2EBCD08C00CE78BC /* Build configuration list for PBXNativeTarget "TiMeAppTest" */ = {
			isa = XCConfigurationList;
			buildConfigurations = (
				6A6B974B2EBCD08C00CE78BC /* Debug */,
				6A6B974C2EBCD08C00CE78BC /* Release */,
			);
			defaultConfigurationIsVisible = 0;
			defaultConfigurationName = Release;
		};
		6A6B97692EBCD32600CE78BC /* Build configuration list for PBXNativeTarget "TiMeTest" */ = {
			isa = XCConfigurationList;
			buildConfigurations = (
				6A6B976A2EBCD32600CE78BC /* Debug */,
				6A6B976B2EBCD32600CE78BC /* Release */,
			);
			defaultConfigurationIsVisible = 0;
			defaultConfigurationName = Release;
		};
/* End XCConfigurationList section */
	};
	rootObject = 6A078EE12E745FB100DA1530 /* Project object */;
}
